
Microsoft Visual Studio Solution File, Format Version 12.00
# Visual Studio Version 16
VisualStudioVersion = 16.0.31402.337
MinimumVisualStudioVersion = 10.0.40219.1
Project("{FAE04EC0-301F-11D3-BF4B-00C04F79EFBC}") = "Garage2.0", "Garage2.0.csproj", "{A049DB39-0DAE-4059-8255-D24D7D37887D}"
EndProject
Global
	GlobalSection(SolutionConfigurationPlatforms) = preSolution
		Debug|Any CPU = Debug|Any CPU
		Release|Any CPU = Release|Any CPU
	EndGlobalSection
	GlobalSection(ProjectConfigurationPlatforms) = postSolution
		{A049DB39-0DAE-4059-8255-D24D7D37887D}.Debug|Any CPU.ActiveCfg = Debug|Any CPU
		{A049DB39-0DAE-4059-8255-D24D7D37887D}.Debug|Any CPU.Build.0 = Debug|Any CPU
		{A049DB39-0DAE-4059-8255-D24D7D37887D}.Release|Any CPU.ActiveCfg = Release|Any CPU
		{A049DB39-0DAE-4059-8255-D24D7D37887D}.Release|Any CPU.Build.0 = Release|Any CPU
	EndGlobalSection
	GlobalSection(SolutionProperties) = preSolution
		HideSolutionNode = FALSE
	EndGlobalSection
	GlobalSection(ExtensibilityGlobals) = postSolution
		SolutionGuid = {8E0ECEC8-6A6C-47A2-92D3-D80E2BBBEAEC}
	EndGlobalSection
EndGlobal
